
Microsoft Visual Studio Solution File, Format Version 12.00
# Visual Studio Version 17
VisualStudioVersion = 17.0.31612.314
MinimumVisualStudioVersion = 10.0.40219.1
Project("{9A19103F-16F7-4668-BE54-9A1E7A4F7556}") = "K8090.ManagedClient", "K8090.ManagedClient\K8090.ManagedClient.csproj", "{3B89EFC7-CA48-400D-9820-FA405ED8463E}"
EndProject
Project("{9A19103F-16F7-4668-BE54-9A1E7A4F7556}") = "ManagedTester", "ManagedTester\ManagedTester.csproj", "{4E1A1531-5469-4300-8737-2A4DFD8FB504}"
EndProject
Project("{FAE04EC0-301F-11D3-BF4B-00C04F79EFBC}") = "K8090.ManagedClient.Test.Unit", "K8090.ManagedClient.Test\K8090.ManagedClient.Test.Unit.csproj", "{D165DC66-5F9C-437A-A05F-C098A5EA6A4F}"
EndProject
Project("{FAE04EC0-301F-11D3-BF4B-00C04F79EFBC}") = "K8090.Managed.Client.Mocks", "K8090.Managed.Client.Mocks\K8090.Managed.Client.Mocks.csproj", "{0A615C56-DAE6-4719-9B34-5288C6EEB99A}"
EndProject
Global
	GlobalSection(SolutionConfigurationPlatforms) = preSolution
		Debug|Any CPU = Debug|Any CPU
		Debug|x86 = Debug|x86
		Release|Any CPU = Release|Any CPU
		Release|x86 = Release|x86
	EndGlobalSection
	GlobalSection(ProjectConfigurationPlatforms) = postSolution
		{3B89EFC7-CA48-400D-9820-FA405ED8463E}.Debug|Any CPU.ActiveCfg = Debug|Any CPU
		{3B89EFC7-CA48-400D-9820-FA405ED8463E}.Debug|Any CPU.Build.0 = Debug|Any CPU
		{3B89EFC7-CA48-400D-9820-FA405ED8463E}.Debug|x86.ActiveCfg = Debug|Any CPU
		{3B89EFC7-CA48-400D-9820-FA405ED8463E}.Debug|x86.Build.0 = Debug|Any CPU
		{3B89EFC7-CA48-400D-9820-FA405ED8463E}.Release|Any CPU.ActiveCfg = Release|Any CPU
		{3B89EFC7-CA48-400D-9820-FA405ED8463E}.Release|Any CPU.Build.0 = Release|Any CPU
		{3B89EFC7-CA48-400D-9820-FA405ED8463E}.Release|x86.ActiveCfg = Release|Any CPU
		{3B89EFC7-CA48-400D-9820-FA405ED8463E}.Release|x86.Build.0 = Release|Any CPU
		{4E1A1531-5469-4300-8737-2A4DFD8FB504}.Debug|Any CPU.ActiveCfg = Debug|Any CPU
		{4E1A1531-5469-4300-8737-2A4DFD8FB504}.Debug|Any CPU.Build.0 = Debug|Any CPU
		{4E1A1531-5469-4300-8737-2A4DFD8FB504}.Debug|x86.ActiveCfg = Debug|Any CPU
		{4E1A1531-5469-4300-8737-2A4DFD8FB504}.Debug|x86.Build.0 = Debug|Any CPU
		{4E1A1531-5469-4300-8737-2A4DFD8FB504}.Release|Any CPU.ActiveCfg = Release|Any CPU
		{4E1A1531-5469-4300-8737-2A4DFD8FB504}.Release|Any CPU.Build.0 = Release|Any CPU
		{4E1A1531-5469-4300-8737-2A4DFD8FB504}.Release|x86.ActiveCfg = Release|Any CPU
		{4E1A1531-5469-4300-8737-2A4DFD8FB504}.Release|x86.Build.0 = Release|Any CPU
		{D165DC66-5F9C-437A-A05F-C098A5EA6A4F}.Debug|Any CPU.ActiveCfg = Debug|Any CPU
		{D165DC66-5F9C-437A-A05F-C098A5EA6A4F}.Debug|Any CPU.Build.0 = Debug|Any CPU
		{D165DC66-5F9C-437A-A05F-C098A5EA6A4F}.Debug|x86.ActiveCfg = Debug|Any CPU
		{D165DC66-5F9C-437A-A05F-C098A5EA6A4F}.Debug|x86.Build.0 = Debug|Any CPU
		{D165DC66-5F9C-437A-A05F-C098A5EA6A4F}.Release|Any CPU.ActiveCfg = Release|Any CPU
		{D165DC66-5F9C-437A-A05F-C098A5EA6A4F}.Release|Any CPU.Build.0 = Release|Any CPU
		{D165DC66-5F9C-437A-A05F-C098A5EA6A4F}.Release|x86.ActiveCfg = Release|Any CPU
		{D165DC66-5F9C-437A-A05F-C098A5EA6A4F}.Release|x86.Build.0 = Release|Any CPU
		{0A615C56-DAE6-4719-9B34-5288C6EEB99A}.Debug|Any CPU.ActiveCfg = Debug|Any CPU
		{0A615C56-DAE6-4719-9B34-5288C6EEB99A}.Debug|Any CPU.Build.0 = Debug|Any CPU
		{0A615C56-DAE6-4719-9B34-5288C6EEB99A}.Debug|x86.ActiveCfg = Debug|Any CPU
		{0A615C56-DAE6-4719-9B34-5288C6EEB99A}.Debug|x86.Build.0 = Debug|Any CPU
		{0A615C56-DAE6-4719-9B34-5288C6EEB99A}.Release|Any CPU.ActiveCfg = Release|Any CPU
		{0A615C56-DAE6-4719-9B34-5288C6EEB99A}.Release|Any CPU.Build.0 = Release|Any CPU
		{0A615C56-DAE6-4719-9B34-5288C6EEB99A}.Release|x86.ActiveCfg = Release|Any CPU
		{0A615C56-DAE6-4719-9B34-5288C6EEB99A}.Release|x86.Build.0 = Release|Any CPU
	EndGlobalSection
	GlobalSection(SolutionProperties) = preSolution
		HideSolutionNode = FALSE
	EndGlobalSection
	GlobalSection(ExtensibilityGlobals) = postSolution
		SolutionGuid = {0E133297-DBD3-4234-B5B1-6B9658196CD2}
	EndGlobalSection
EndGlobal
